
Microsoft Visual Studio Solution File, Format Version 12.00
# Visual Studio 15
VisualStudioVersion = 15.0.28307.1209
MinimumVisualStudioVersion = 10.0.40219.1
Project("{FAE04EC0-301F-11D3-BF4B-00C04F79EFBC}") = "WindowsFormsApp1", "WindowsFormsApp1\WindowsFormsApp1.csproj", "{45EB9D7B-E87A-4F28-9185-E114EACD51E3}"
EndProject
Global
	GlobalSection(SolutionConfigurationPlatforms) = preSolution
		Debug|Any CPU = Debug|Any CPU
		Release|Any CPU = Release|Any CPU
	EndGlobalSection
	GlobalSection(ProjectConfigurationPlatforms) = postSolution
		{45EB9D7B-E87A-4F28-9185-E114EACD51E3}.Debug|Any CPU.ActiveCfg = Debug|Any CPU
		{45EB9D7B-E87A-4F28-9185-E114EACD51E3}.Debug|Any CPU.Build.0 = Debug|Any CPU
		{45EB9D7B-E87A-4F28-9185-E114EACD51E3}.Release|Any CPU.ActiveCfg = Release|Any CPU
		{45EB9D7B-E87A-4F28-9185-E114EACD51E3}.Release|Any CPU.Build.0 = Release|Any CPU
	EndGlobalSection
	GlobalSection(SolutionProperties) = preSolution
		HideSolutionNode = FALSE
	EndGlobalSection
	GlobalSection(ExtensibilityGlobals) = postSolution
		SolutionGuid = {C6DE06F7-6B46-4544-BB73-52377FE1045D}
	EndGlobalSection
EndGlobal
